// !$*UTF8*$!
{
	archiveVersion = 1;
	classes = {
	};
	objectVersion = 50;
	objects = {

/* Begin PBXBuildFile section */
		81F1DDD026DC7ACD0026B0F0 /* gnApp.swift in Sources */ = {isa = PBXBuildFile; fileRef = 81F1DDBD26DC7ACC0026B0F0 /* gnApp.swift */; };
		81F1DDD126DC7ACD0026B0F0 /* gnApp.swift in Sources */ = {isa = PBXBuildFile; fileRef = 81F1DDBD26DC7ACC0026B0F0 /* gnApp.swift */; };
		81F1DDD226DC7ACD0026B0F0 /* ContentView.swift in Sources */ = {isa = PBXBuildFile; fileRef = 81F1DDBE26DC7ACC0026B0F0 /* ContentView.swift */; };
		81F1DDD326DC7ACD0026B0F0 /* ContentView.swift in Sources */ = {isa = PBXBuildFile; fileRef = 81F1DDBE26DC7ACC0026B0F0 /* ContentView.swift */; };
		81F1DDD426DC7ACD0026B0F0 /* Assets.xcassets in Resources */ = {isa = PBXBuildFile; fileRef = 81F1DDBF26DC7ACD0026B0F0 /* Assets.xcassets */; };
		81F1DDD526DC7ACD0026B0F0 /* Assets.xcassets in Resources */ = {isa = PBXBuildFile; fileRef = 81F1DDBF26DC7ACD0026B0F0 /* Assets.xcassets */; };
/* End PBXBuildFile section */

/* Begin PBXFileReference section */
		81F1DDBD26DC7ACC0026B0F0 /* gnApp.swift */ = {isa = PBXFileReference; lastKnownFileType = sourcecode.swift; path = gnApp.swift; sourceTree = "<group>"; };
		81F1DDBE26DC7ACC0026B0F0 /* ContentView.swift */ = {isa = PBXFileReference; lastKnownFileType = sourcecode.swift; path = ContentView.swift; sourceTree = "<group>"; };
		81F1DDBF26DC7ACD0026B0F0 /* Assets.xcassets */ = {isa = PBXFileReference; lastKnownFileType = folder.assetcatalog; path = Assets.xcassets; sourceTree = "<group>"; };
		81F1DDC426DC7ACD0026B0F0 /* gn.app */ = {isa = PBXFileReference; explicitFileType = wrapper.application; includeInIndex = 0; path = gn.app; sourceTree = BUILT_PRODUCTS_DIR; };
		81F1DDC726DC7ACD0026B0F0 /* Info.plist */ = {isa = PBXFileReference; lastKnownFileType = text.plist.xml; path = Info.plist; sourceTree = "<group>"; };
		81F1DDCC26DC7ACD0026B0F0 /* gn.app */ = {isa = PBXFileReference; explicitFileType = wrapper.application; includeInIndex = 0; path = gn.app; sourceTree = BUILT_PRODUCTS_DIR; };
		81F1DDCE26DC7ACD0026B0F0 /* Info.plist */ = {isa = PBXFileReference; lastKnownFileType = text.plist.xml; path = Info.plist; sourceTree = "<group>"; };
		81F1DDCF26DC7ACD0026B0F0 /* macOS.entitlements */ = {isa = PBXFileReference; lastKnownFileType = text.plist.entitlements; path = macOS.entitlements; sourceTree = "<group>"; };
/* End PBXFileReference section */

/* Begin PBXFrameworksBuildPhase section */
		81F1DDC126DC7ACD0026B0F0 /* Frameworks */ = {
			isa = PBXFrameworksBuildPhase;
			buildActionMask = 2147483647;
			files = (
			);
			runOnlyForDeploymentPostprocessing = 0;
		};
		81F1DDC926DC7ACD0026B0F0 /* Frameworks */ = {
			isa = PBXFrameworksBuildPhase;
			buildActionMask = 2147483647;
			files = (
			);
			runOnlyForDeploymentPostprocessing = 0;
		};
/* End PBXFrameworksBuildPhase section */

/* Begin PBXGroup section */
		81F1DDB726DC7ACC0026B0F0 = {
			isa = PBXGroup;
			children = (
				81F1DDBC26DC7ACC0026B0F0 /* Shared */,
				81F1DDC626DC7ACD0026B0F0 /* iOS */,
				81F1DDCD26DC7ACD0026B0F0 /* macOS */,
				81F1DDC526DC7ACD0026B0F0 /* Products */,
			);
			sourceTree = "<group>";
		};
		81F1DDBC26DC7ACC0026B0F0 /* Shared */ = {
			isa = PBXGroup;
			children = (
				81F1DDBD26DC7ACC0026B0F0 /* gnApp.swift */,
				81F1DDBE26DC7ACC0026B0F0 /* ContentView.swift */,
				81F1DDBF26DC7ACD0026B0F0 /* Assets.xcassets */,
			);
			path = Shared;
			sourceTree = "<group>";
		};
		81F1DDC526DC7ACD0026B0F0 /* Products */ = {
			isa = PBXGroup;
			children = (
				81F1DDC426DC7ACD0026B0F0 /* gn.app */,
				81F1DDCC26DC7ACD0026B0F0 /* gn.app */,
			);
			name = Products;
			sourceTree = "<group>";
		};
		81F1DDC626DC7ACD0026B0F0 /* iOS */ = {
			isa = PBXGroup;
			children = (
				81F1DDC726DC7ACD0026B0F0 /* Info.plist */,
			);
			path = iOS;
			sourceTree = "<group>";
		};
		81F1DDCD26DC7ACD0026B0F0 /* macOS */ = {
			isa = PBXGroup;
			children = (
				81F1DDCE26DC7ACD0026B0F0 /* Info.plist */,
				81F1DDCF26DC7ACD0026B0F0 /* macOS.entitlements */,
			);
			path = macOS;
			sourceTree = "<group>";
		};
/* End PBXGroup section */

/* Begin PBXNativeTarget section */
		81F1DDC326DC7ACD0026B0F0 /* gn (iOS) */ = {
			isa = PBXNativeTarget;
			buildConfigurationList = 81F1DDD826DC7ACD0026B0F0 /* Build configuration list for PBXNativeTarget "gn (iOS)" */;
			buildPhases = (
				81F1DDC026DC7ACD0026B0F0 /* Sources */,
				81F1DDC126DC7ACD0026B0F0 /* Frameworks */,
				81F1DDC226DC7ACD0026B0F0 /* Resources */,
			);
			buildRules = (
			);
			dependencies = (
			);
			name = "gn (iOS)";
			productName = "gn (iOS)";
			productReference = 81F1DDC426DC7ACD0026B0F0 /* gn.app */;
			productType = "com.apple.product-type.application";
		};
		81F1DDCB26DC7ACD0026B0F0 /* gn (macOS) */ = {
			isa = PBXNativeTarget;
			buildConfigurationList = 81F1DDDB26DC7ACD0026B0F0 /* Build configuration list for PBXNativeTarget "gn (macOS)" */;
			buildPhases = (
				81F1DDC826DC7ACD0026B0F0 /* Sources */,
				81F1DDC926DC7ACD0026B0F0 /* Frameworks */,
				81F1DDCA26DC7ACD0026B0F0 /* Resources */,
			);
			buildRules = (
			);
			dependencies = (
			);
			name = "gn (macOS)";
			productName = "gn (macOS)";
			productReference = 81F1DDCC26DC7ACD0026B0F0 /* gn.app */;
			productType = "com.apple.product-type.application";
		};
/* End PBXNativeTarget section */

/* Begin PBXProject section */
		81F1DDB826DC7ACC0026B0F0 /* Project object */ = {
			isa = PBXProject;
			attributes = {
				LastSwiftUpdateCheck = 1250;
				LastUpgradeCheck = 1250;
				TargetAttributes = {
					81F1DDC326DC7ACD0026B0F0 = {
						CreatedOnToolsVersion = 12.5.1;
					};
					81F1DDCB26DC7ACD0026B0F0 = {
						CreatedOnToolsVersion = 12.5.1;
					};
				};
			};
			buildConfigurationList = 81F1DDBB26DC7ACC0026B0F0 /* Build configuration list for PBXProject "gn" */;
			compatibilityVersion = "Xcode 9.3";
			developmentRegion = en;
			hasScannedForEncodings = 0;
			knownRegions = (
				en,
				Base,
			);
			mainGroup = 81F1DDB726DC7ACC0026B0F0;
			productRefGroup = 81F1DDC526DC7ACD0026B0F0 /* Products */;
			projectDirPath = "";
			projectRoot = "";
			targets = (
				81F1DDC326DC7ACD0026B0F0 /* gn (iOS) */,
				81F1DDCB26DC7ACD0026B0F0 /* gn (macOS) */,
			);
		};
/* End PBXProject section */

/* Begin PBXResourcesBuildPhase section */
		81F1DDC226DC7ACD0026B0F0 /* Resources */ = {
			isa = PBXResourcesBuildPhase;
			buildActionMask = 2147483647;
			files = (
				81F1DDD426DC7ACD0026B0F0 /* Assets.xcassets in Resources */,
			);
			runOnlyForDeploymentPostprocessing = 0;
		};
		81F1DDCA26DC7ACD0026B0F0 /* Resources */ = {
			isa = PBXResourcesBuildPhase;
			buildActionMask = 2147483647;
			files = (
				81F1DDD526DC7ACD0026B0F0 /* Assets.xcassets in Resources */,
			);
			runOnlyForDeploymentPostprocessing = 0;
		};
/* End PBXResourcesBuildPhase section */

/* Begin PBXSourcesBuildPhase section */
		81F1DDC026DC7ACD0026B0F0 /* Sources */ = {
			isa = PBXSourcesBuildPhase;
			buildActionMask = 2147483647;
			files = (
				81F1DDD226DC7ACD0026B0F0 /* ContentView.swift in Sources */,
				81F1DDD026DC7ACD0026B0F0 /* gnApp.swift in Sources */,
			);
			runOnlyForDeploymentPostprocessing = 0;
		};
		81F1DDC826DC7ACD0026B0F0 /* Sources */ = {
			isa = PBXSourcesBuildPhase;
			buildActionMask = 2147483647;
			files = (
				81F1DDD326DC7ACD0026B0F0 /* ContentView.swift in Sources */,
				81F1DDD126DC7ACD0026B0F0 /* gnApp.swift in Sources */,
			);
			runOnlyForDeploymentPostprocessing = 0;
		};
/* End PBXSourcesBuildPhase section */

/* Begin XCBuildConfiguration section */
		81F1DDD626DC7ACD0026B0F0 /* Debug */ = {
			isa = XCBuildConfiguration;
			buildSettings = {
				ALWAYS_SEARCH_USER_PATHS = NO;
				CLANG_ANALYZER_NONNULL = YES;
				CLANG_ANALYZER_NUMBER_OBJECT_CONVERSION = YES_AGGRESSIVE;
				CLANG_CXX_LANGUAGE_STANDARD = "gnu++14";
				CLANG_CXX_LIBRARY = "libc++";
				CLANG_ENABLE_MODULES = YES;
				CLANG_ENABLE_OBJC_ARC = YES;
				CLANG_ENABLE_OBJC_WEAK = YES;
				CLANG_WARN_BLOCK_CAPTURE_AUTORELEASING = YES;
				CLANG_WARN_BOOL_CONVERSION = YES;
				CLANG_WARN_COMMA = YES;
				CLANG_WARN_CONSTANT_CONVERSION = YES;
				CLANG_WARN_DEPRECATED_OBJC_IMPLEMENTATIONS = YES;
				CLANG_WARN_DIRECT_OBJC_ISA_USAGE = YES_ERROR;
				CLANG_WARN_DOCUMENTATION_COMMENTS = YES;
				CLANG_WARN_EMPTY_BODY = YES;
				CLANG_WARN_ENUM_CONVERSION = YES;
				CLANG_WARN_INFINITE_RECURSION = YES;
				CLANG_WARN_INT_CONVERSION = YES;
				CLANG_WARN_NON_LITERAL_NULL_CONVERSION = YES;
				CLANG_WARN_OBJC_IMPLICIT_RETAIN_SELF = YES;
				CLANG_WARN_OBJC_LITERAL_CONVERSION = YES;
				CLANG_WARN_OBJC_ROOT_CLASS = YES_ERROR;
				CLANG_WARN_QUOTED_INCLUDE_IN_FRAMEWORK_HEADER = YES;
				CLANG_WARN_RANGE_LOOP_ANALYSIS = YES;
				CLANG_WARN_STRICT_PROTOTYPES = YES;
				CLANG_WARN_SUSPICIOUS_MOVE = YES;
				CLANG_WARN_UNGUARDED_AVAILABILITY = YES_AGGRESSIVE;
				CLANG_WARN_UNREACHABLE_CODE = YES;
				CLANG_WARN__DUPLICATE_METHOD_MATCH = YES;
				COPY_PHASE_STRIP = NO;
				DEBUG_INFORMATION_FORMAT = dwarf;
				ENABLE_STRICT_OBJC_MSGSEND = YES;
				ENABLE_TESTABILITY = YES;
				GCC_C_LANGUAGE_STANDARD = gnu11;
				GCC_DYNAMIC_NO_PIC = NO;
				GCC_NO_COMMON_BLOCKS = YES;
				GCC_OPTIMIZATION_LEVEL = 0;
				GCC_PREPROCESSOR_DEFINITIONS = (
					"DEBUG=1",
					"$(inherited)",
				);
				GCC_WARN_64_TO_32_BIT_CONVERSION = YES;
				GCC_WARN_ABOUT_RETURN_TYPE = YES_ERROR;
				GCC_WARN_UNDECLARED_SELECTOR = YES;
				GCC_WARN_UNINITIALIZED_AUTOS = YES_AGGRESSIVE;
				GCC_WARN_UNUSED_FUNCTION = YES;
				GCC_WARN_UNUSED_VARIABLE = YES;
				MTL_ENABLE_DEBUG_INFO = INCLUDE_SOURCE;
				MTL_FAST_MATH = YES;
				ONLY_ACTIVE_ARCH = YES;
				SWIFT_ACTIVE_COMPILATION_CONDITIONS = DEBUG;
				SWIFT_OPTIMIZATION_LEVEL = "-Onone";
			};
			name = Debug;
		};
		81F1DDD726DC7ACD0026B0F0 /* Release */ = {
			isa = XCBuildConfiguration;
			buildSettings = {
				ALWAYS_SEARCH_USER_PATHS = NO;
				CLANG_ANALYZER_NONNULL = YES;
				CLANG_ANALYZER_NUMBER_OBJECT_CONVERSION = YES_AGGRESSIVE;
				CLANG_CXX_LANGUAGE_STANDARD = "gnu++14";
				CLANG_CXX_LIBRARY = "libc++";
				CLANG_ENABLE_MODULES = YES;
				CLANG_ENABLE_OBJC_ARC = YES;
				CLANG_ENABLE_OBJC_WEAK = YES;
				CLANG_WARN_BLOCK_CAPTURE_AUTORELEASING = YES;
				CLANG_WARN_BOOL_CONVERSION = YES;
				CLANG_WARN_COMMA = YES;
				CLANG_WARN_CONSTANT_CONVERSION = YES;
				CLANG_WARN_DEPRECATED_OBJC_IMPLEMENTATIONS = YES;
				CLANG_WARN_DIRECT_OBJC_ISA_USAGE = YES_ERROR;
				CLANG_WARN_DOCUMENTATION_COMMENTS = YES;
				CLANG_WARN_EMPTY_BODY = YES;
				CLANG_WARN_ENUM_CONVERSION = YES;
				CLANG_WARN_INFINITE_RECURSION = YES;
				CLANG_WARN_INT_CONVERSION = YES;
				CLANG_WARN_NON_LITERAL_NULL_CONVERSION = YES;
				CLANG_WARN_OBJC_IMPLICIT_RETAIN_SELF = YES;
				CLANG_WARN_OBJC_LITERAL_CONVERSION = YES;
				CLANG_WARN_OBJC_ROOT_CLASS = YES_ERROR;
				CLANG_WARN_QUOTED_INCLUDE_IN_FRAMEWORK_HEADER = YES;
				CLANG_WARN_RANGE_LOOP_ANALYSIS = YES;
				CLANG_WARN_STRICT_PROTOTYPES = YES;
				CLANG_WARN_SUSPICIOUS_MOVE = YES;
				CLANG_WARN_UNGUARDED_AVAILABILITY = YES_AGGRESSIVE;
				CLANG_WARN_UNREACHABLE_CODE = YES;
				CLANG_WARN__DUPLICATE_METHOD_MATCH = YES;
				COPY_PHASE_STRIP = NO;
				DEBUG_INFORMATION_FORMAT = "dwarf-with-dsym";
				ENABLE_NS_ASSERTIONS = NO;
				ENABLE_STRICT_OBJC_MSGSEND = YES;
				GCC_C_LANGUAGE_STANDARD = gnu11;
				GCC_NO_COMMON_BLOCKS = YES;
				GCC_WARN_64_TO_32_BIT_CONVERSION = YES;
				GCC_WARN_ABOUT_RETURN_TYPE = YES_ERROR;
				GCC_WARN_UNDECLARED_SELECTOR = YES;
				GCC_WARN_UNINITIALIZED_AUTOS = YES_AGGRESSIVE;
				GCC_WARN_UNUSED_FUNCTION = YES;
				GCC_WARN_UNUSED_VARIABLE = YES;
				MTL_ENABLE_DEBUG_INFO = NO;
				MTL_FAST_MATH = YES;
				SWIFT_COMPILATION_MODE = wholemodule;
				SWIFT_OPTIMIZATION_LEVEL = "-O";
			};
			name = Release;
		};
		81F1DDD926DC7ACD0026B0F0 /* Debug */ = {
			isa = XCBuildConfiguration;
			buildSettings = {
				ASSETCATALOG_COMPILER_APPICON_NAME = AppIcon;
				ASSETCATALOG_COMPILER_GLOBAL_ACCENT_COLOR_NAME = AccentColor;
				CODE_SIGN_STYLE = Automatic;
				DEVELOPMENT_TEAM = 94F7QC94FP;
				ENABLE_PREVIEWS = YES;
				INFOPLIST_FILE = iOS/Info.plist;
				IPHONEOS_DEPLOYMENT_TARGET = 14.0;
				LD_RUNPATH_SEARCH_PATHS = (
					"$(inherited)",
					"@executable_path/Frameworks",
				);
				PRODUCT_BUNDLE_IDENTIFIER = pranavnt.me.gn;
				PRODUCT_NAME = gn;
				SDKROOT = iphoneos;
				SWIFT_VERSION = 5.0;
				TARGETED_DEVICE_FAMILY = "1,2";
			};
			name = Debug;
		};
		81F1DDDA26DC7ACD0026B0F0 /* Release */ = {
			isa = XCBuildConfiguration;
			buildSettings = {
				ASSETCATALOG_COMPILER_APPICON_NAME = AppIcon;
				ASSETCATALOG_COMPILER_GLOBAL_ACCENT_COLOR_NAME = AccentColor;
				CODE_SIGN_STYLE = Automatic;
				DEVELOPMENT_TEAM = 94F7QC94FP;
				ENABLE_PREVIEWS = YES;
				INFOPLIST_FILE = iOS/Info.plist;
				IPHONEOS_DEPLOYMENT_TARGET = 14.0;
				LD_RUNPATH_SEARCH_PATHS = (
					"$(inherited)",
					"@executable_path/Frameworks",
				);
				PRODUCT_BUNDLE_IDENTIFIER = pranavnt.me.gn;
				PRODUCT_NAME = gn;
				SDKROOT = iphoneos;
				SWIFT_VERSION = 5.0;
				TARGETED_DEVICE_FAMILY = "1,2";
				VALIDATE_PRODUCT = YES;
			};
			name = Release;
		};
		81F1DDDC26DC7ACD0026B0F0 /* Debug */ = {
			isa = XCBuildConfiguration;
			buildSettings = {
				ASSETCATALOG_COMPILER_APPICON_NAME = AppIcon;
				ASSETCATALOG_COMPILER_GLOBAL_ACCENT_COLOR_NAME = AccentColor;
				CODE_SIGN_ENTITLEMENTS = macOS/macOS.entitlements;
				CODE_SIGN_STYLE = Automatic;
				COMBINE_HIDPI_IMAGES = YES;
				ENABLE_PREVIEWS = YES;
				INFOPLIST_FILE = macOS/Info.plist;
				LD_RUNPATH_SEARCH_PATHS = (
					"$(inherited)",
					"@executable_path/../Frameworks",
				);
				MACOSX_DEPLOYMENT_TARGET = 11.0;
				PRODUCT_BUNDLE_IDENTIFIER = pranavnt.me.gn;
				PRODUCT_NAME = gn;
				SDKROOT = macosx;
				SWIFT_VERSION = 5.0;
			};
			name = Debug;
		};
		81F1DDDD26DC7ACD0026B0F0 /* Release */ = {
			isa = XCBuildConfiguration;
			buildSettings = {
				ASSETCATALOG_COMPILER_APPICON_NAME = AppIcon;
				ASSETCATALOG_COMPILER_GLOBAL_ACCENT_COLOR_NAME = AccentColor;
				CODE_SIGN_ENTITLEMENTS = macOS/macOS.entitlements;
				CODE_SIGN_STYLE = Automatic;
				COMBINE_HIDPI_IMAGES = YES;
				ENABLE_PREVIEWS = YES;
				INFOPLIST_FILE = macOS/Info.plist;
				LD_RUNPATH_SEARCH_PATHS = (
					"$(inherited)",
					"@executable_path/../Frameworks",
				);
				MACOSX_DEPLOYMENT_TARGET = 11.0;
				PRODUCT_BUNDLE_IDENTIFIER = pranavnt.me.gn;
				PRODUCT_NAME = gn;
				SDKROOT = macosx;
				SWIFT_VERSION = 5.0;
			};
			name = Release;
		};
/* End XCBuildConfiguration section */

/* Begin XCConfigurationList section */
		81F1DDBB26DC7ACC0026B0F0 /* Build configuration list for PBXProject "gn" */ = {
			isa = XCConfigurationList;
			buildConfigurations = (
				81F1DDD626DC7ACD0026B0F0 /* Debug */,
				81F1DDD726DC7ACD0026B0F0 /* Release */,
			);
			defaultConfigurationIsVisible = 0;
			defaultConfigurationName = Release;
		};
		81F1DDD826DC7ACD0026B0F0 /* Build configuration list for PBXNativeTarget "gn (iOS)" */ = {
			isa = XCConfigurationList;
			buildConfigurations = (
				81F1DDD926DC7ACD0026B0F0 /* Debug */,
				81F1DDDA26DC7ACD0026B0F0 /* Release */,
			);
			defaultConfigurationIsVisible = 0;
			defaultConfigurationName = Release;
		};
		81F1DDDB26DC7ACD0026B0F0 /* Build configuration list for PBXNativeTarget "gn (macOS)" */ = {
			isa = XCConfigurationList;
			buildConfigurations = (
				81F1DDDC26DC7ACD0026B0F0 /* Debug */,
				81F1DDDD26DC7ACD0026B0F0 /* Release */,
			);
			defaultConfigurationIsVisible = 0;
			defaultConfigurationName = Release;
		};
/* End XCConfigurationList section */
	};
	rootObject = 81F1DDB826DC7ACC0026B0F0 /* Project object */;
}
